
Microsoft Visual Studio Solution File, Format Version 12.00
# Visual Studio 15
VisualStudioVersion = 15.0.27428.2002
MinimumVisualStudioVersion = 10.0.40219.1
Project("{FAE04EC0-301F-11D3-BF4B-00C04F79EFBC}") = "fractals-renderer", "fractals-renderer\fractals-renderer.csproj", "{D8520ED6-F37E-47ED-A761-AEA79535389D}"
EndProject
Global
	GlobalSection(SolutionConfigurationPlatforms) = preSolution
		Debug|Any CPU = Debug|Any CPU
		Release|Any CPU = Release|Any CPU
	EndGlobalSection
	GlobalSection(ProjectConfigurationPlatforms) = postSolution
		{D8520ED6-F37E-47ED-A761-AEA79535389D}.Debug|Any CPU.ActiveCfg = Debug|Any CPU
		{D8520ED6-F37E-47ED-A761-AEA79535389D}.Debug|Any CPU.Build.0 = Debug|Any CPU
		{D8520ED6-F37E-47ED-A761-AEA79535389D}.Release|Any CPU.ActiveCfg = Release|Any CPU
		{D8520ED6-F37E-47ED-A761-AEA79535389D}.Release|Any CPU.Build.0 = Release|Any CPU
	EndGlobalSection
	GlobalSection(SolutionProperties) = preSolution
		HideSolutionNode = FALSE
	EndGlobalSection
	GlobalSection(ExtensibilityGlobals) = postSolution
		SolutionGuid = {91D39B4F-AA76-4EA4-A736-A1E53593B609}
	EndGlobalSection
EndGlobal
